// !$*UTF8*$!
{
	archiveVersion = 1;
	classes = {
	};
	objectVersion = 50;
	objects = {

/* Begin PBXBuildFile section */
		E27876C32517C2A80000841E /* AppDelegate.swift in Sources */ = {isa = PBXBuildFile; fileRef = E27876C22517C2A80000841E /* AppDelegate.swift */; };
		E27876C52517C2A80000841E /* SceneDelegate.swift in Sources */ = {isa = PBXBuildFile; fileRef = E27876C42517C2A80000841E /* SceneDelegate.swift */; };
		E27876C72517C2A80000841E /* ViewController.swift in Sources */ = {isa = PBXBuildFile; fileRef = E27876C62517C2A80000841E /* ViewController.swift */; };
		E27876CA2517C2A80000841E /* Main.storyboard in Resources */ = {isa = PBXBuildFile; fileRef = E27876C82517C2A80000841E /* Main.storyboard */; };
		E27876CC2517C2AA0000841E /* Assets.xcassets in Resources */ = {isa = PBXBuildFile; fileRef = E27876CB2517C2AA0000841E /* Assets.xcassets */; };
		E27876CF2517C2AA0000841E /* LaunchScreen.storyboard in Resources */ = {isa = PBXBuildFile; fileRef = E27876CD2517C2AA0000841E /* LaunchScreen.storyboard */; };
		E27876DA2517C2AB0000841E /* TechtaGramTests.swift in Sources */ = {isa = PBXBuildFile; fileRef = E27876D92517C2AB0000841E /* TechtaGramTests.swift */; };
		E27876E52517C2AB0000841E /* TechtaGramUITests.swift in Sources */ = {isa = PBXBuildFile; fileRef = E27876E42517C2AB0000841E /* TechtaGramUITests.swift */; };
/* End PBXBuildFile section */

/* Begin PBXContainerItemProxy section */
		E27876D62517C2AB0000841E /* PBXContainerItemProxy */ = {
			isa = PBXContainerItemProxy;
			containerPortal = E27876B72517C2A80000841E /* Project object */;
			proxyType = 1;
			remoteGlobalIDString = E27876BE2517C2A80000841E;
			remoteInfo = TechtaGram;
		};
		E27876E12517C2AB0000841E /* PBXContainerItemProxy */ = {
			isa = PBXContainerItemProxy;
			containerPortal = E27876B72517C2A80000841E /* Project object */;
			proxyType = 1;
			remoteGlobalIDString = E27876BE2517C2A80000841E;
			remoteInfo = TechtaGram;
		};
/* End PBXContainerItemProxy section */

/* Begin PBXFileReference section */
		E27876BF2517C2A80000841E /* TechtaGram.app */ = {isa = PBXFileReference; explicitFileType = wrapper.application; includeInIndex = 0; path = TechtaGram.app; sourceTree = BUILT_PRODUCTS_DIR; };
		E27876C22517C2A80000841E /* AppDelegate.swift */ = {isa = PBXFileReference; lastKnownFileType = sourcecode.swift; path = AppDelegate.swift; sourceTree = "<group>"; };
		E27876C42517C2A80000841E /* SceneDelegate.swift */ = {isa = PBXFileReference; lastKnownFileType = sourcecode.swift; path = SceneDelegate.swift; sourceTree = "<group>"; };
		E27876C62517C2A80000841E /* ViewController.swift */ = {isa = PBXFileReference; lastKnownFileType = sourcecode.swift; path = ViewController.swift; sourceTree = "<group>"; };
		E27876C92517C2A80000841E /* Base */ = {isa = PBXFileReference; lastKnownFileType = file.storyboard; name = Base; path = Base.lproj/Main.storyboard; sourceTree = "<group>"; };
		E27876CB2517C2AA0000841E /* Assets.xcassets */ = {isa = PBXFileReference; lastKnownFileType = folder.assetcatalog; path = Assets.xcassets; sourceTree = "<group>"; };
		E27876CE2517C2AA0000841E /* Base */ = {isa = PBXFileReference; lastKnownFileType = file.storyboard; name = Base; path = Base.lproj/LaunchScreen.storyboard; sourceTree = "<group>"; };
		E27876D02517C2AA0000841E /* Info.plist */ = {isa = PBXFileReference; lastKnownFileType = text.plist.xml; path = Info.plist; sourceTree = "<group>"; };
		E27876D52517C2AB0000841E /* TechtaGramTests.xctest */ = {isa = PBXFileReference; explicitFileType = wrapper.cfbundle; includeInIndex = 0; path = TechtaGramTests.xctest; sourceTree = BUILT_PRODUCTS_DIR; };
		E27876D92517C2AB0000841E /* TechtaGramTests.swift */ = {isa = PBXFileReference; lastKnownFileType = sourcecode.swift; path = TechtaGramTests.swift; sourceTree = "<group>"; };
		E27876DB2517C2AB0000841E /* Info.plist */ = {isa = PBXFileReference; lastKnownFileType = text.plist.xml; path = Info.plist; sourceTree = "<group>"; };
		E27876E02517C2AB0000841E /* TechtaGramUITests.xctest */ = {isa = PBXFileReference; explicitFileType = wrapper.cfbundle; includeInIndex = 0; path = TechtaGramUITests.xctest; sourceTree = BUILT_PRODUCTS_DIR; };
		E27876E42517C2AB0000841E /* TechtaGramUITests.swift */ = {isa = PBXFileReference; lastKnownFileType = sourcecode.swift; path = TechtaGramUITests.swift; sourceTree = "<group>"; };
		E27876E62517C2AB0000841E /* Info.plist */ = {isa = PBXFileReference; lastKnownFileType = text.plist.xml; path = Info.plist; sourceTree = "<group>"; };
/* End PBXFileReference section */

/* Begin PBXFrameworksBuildPhase section */
		E27876BC2517C2A80000841E /* Frameworks */ = {
			isa = PBXFrameworksBuildPhase;
			buildActionMask = 2147483647;
			files = (
			);
			runOnlyForDeploymentPostprocessing = 0;
		};
		E27876D22517C2AB0000841E /* Frameworks */ = {
			isa = PBXFrameworksBuildPhase;
			buildActionMask = 2147483647;
			files = (
			);
			runOnlyForDeploymentPostprocessing = 0;
		};
		E27876DD2517C2AB0000841E /* Frameworks */ = {
			isa = PBXFrameworksBuildPhase;
			buildActionMask = 2147483647;
			files = (
			);
			runOnlyForDeploymentPostprocessing = 0;
		};
/* End PBXFrameworksBuildPhase section */

/* Begin PBXGroup section */
		E27876B62517C2A80000841E = {
			isa = PBXGroup;
			children = (
				E27876C12517C2A80000841E /* TechtaGram */,
				E27876D82517C2AB0000841E /* TechtaGramTests */,
				E27876E32517C2AB0000841E /* TechtaGramUITests */,
				E27876C02517C2A80000841E /* Products */,
			);
			sourceTree = "<group>";
		};
		E27876C02517C2A80000841E /* Products */ = {
			isa = PBXGroup;
			children = (
				E27876BF2517C2A80000841E /* TechtaGram.app */,
				E27876D52517C2AB0000841E /* TechtaGramTests.xctest */,
				E27876E02517C2AB0000841E /* TechtaGramUITests.xctest */,
			);
			name = Products;
			sourceTree = "<group>";
		};
		E27876C12517C2A80000841E /* TechtaGram */ = {
			isa = PBXGroup;
			children = (
				E27876C22517C2A80000841E /* AppDelegate.swift */,
				E27876C42517C2A80000841E /* SceneDelegate.swift */,
				E27876C62517C2A80000841E /* ViewController.swift */,
				E27876C82517C2A80000841E /* Main.storyboard */,
				E27876CB2517C2AA0000841E /* Assets.xcassets */,
				E27876CD2517C2AA0000841E /* LaunchScreen.storyboard */,
				E27876D02517C2AA0000841E /* Info.plist */,
			);
			path = TechtaGram;
			sourceTree = "<group>";
		};
		E27876D82517C2AB0000841E /* TechtaGramTests */ = {
			isa = PBXGroup;
			children = (
				E27876D92517C2AB0000841E /* TechtaGramTests.swift */,
				E27876DB2517C2AB0000841E /* Info.plist */,
			);
			path = TechtaGramTests;
			sourceTree = "<group>";
		};
		E27876E32517C2AB0000841E /* TechtaGramUITests */ = {
			isa = PBXGroup;
			children = (
				E27876E42517C2AB0000841E /* TechtaGramUITests.swift */,
				E27876E62517C2AB0000841E /* Info.plist */,
			);
			path = TechtaGramUITests;
			sourceTree = "<group>";
		};
/* End PBXGroup section */

/* Begin PBXNativeTarget section */
		E27876BE2517C2A80000841E /* TechtaGram */ = {
			isa = PBXNativeTarget;
			buildConfigurationList = E27876E92517C2AB0000841E /* Build configuration list for PBXNativeTarget "TechtaGram" */;
			buildPhases = (
				E27876BB2517C2A80000841E /* Sources */,
				E27876BC2517C2A80000841E /* Frameworks */,
				E27876BD2517C2A80000841E /* Resources */,
			);
			buildRules = (
			);
			dependencies = (
			);
			name = TechtaGram;
			productName = TechtaGram;
			productReference = E27876BF2517C2A80000841E /* TechtaGram.app */;
			productType = "com.apple.product-type.application";
		};
		E27876D42517C2AB0000841E /* TechtaGramTests */ = {
			isa = PBXNativeTarget;
			buildConfigurationList = E27876EC2517C2AB0000841E /* Build configuration list for PBXNativeTarget "TechtaGramTests" */;
			buildPhases = (
				E27876D12517C2AB0000841E /* Sources */,
				E27876D22517C2AB0000841E /* Frameworks */,
				E27876D32517C2AB0000841E /* Resources */,
			);
			buildRules = (
			);
			dependencies = (
				E27876D72517C2AB0000841E /* PBXTargetDependency */,
			);
			name = TechtaGramTests;
			productName = TechtaGramTests;
			productReference = E27876D52517C2AB0000841E /* TechtaGramTests.xctest */;
			productType = "com.apple.product-type.bundle.unit-test";
		};
		E27876DF2517C2AB0000841E /* TechtaGramUITests */ = {
			isa = PBXNativeTarget;
			buildConfigurationList = E27876EF2517C2AB0000841E /* Build configuration list for PBXNativeTarget "TechtaGramUITests" */;
			buildPhases = (
				E27876DC2517C2AB0000841E /* Sources */,
				E27876DD2517C2AB0000841E /* Frameworks */,
				E27876DE2517C2AB0000841E /* Resources */,
			);
			buildRules = (
			);
			dependencies = (
				E27876E22517C2AB0000841E /* PBXTargetDependency */,
			);
			name = TechtaGramUITests;
			productName = TechtaGramUITests;
			productReference = E27876E02517C2AB0000841E /* TechtaGramUITests.xctest */;
			productType = "com.apple.product-type.bundle.ui-testing";
		};
/* End PBXNativeTarget section */

/* Begin PBXProject section */
		E27876B72517C2A80000841E /* Project object */ = {
			isa = PBXProject;
			attributes = {
				LastSwiftUpdateCheck = 1170;
				LastUpgradeCheck = 1170;
				ORGANIZATIONNAME = "古田翔太郎";
				TargetAttributes = {
					E27876BE2517C2A80000841E = {
						CreatedOnToolsVersion = 11.7;
					};
					E27876D42517C2AB0000841E = {
						CreatedOnToolsVersion = 11.7;
						TestTargetID = E27876BE2517C2A80000841E;
					};
					E27876DF2517C2AB0000841E = {
						CreatedOnToolsVersion = 11.7;
						TestTargetID = E27876BE2517C2A80000841E;
					};
				};
			};
			buildConfigurationList = E27876BA2517C2A80000841E /* Build configuration list for PBXProject "TechtaGram" */;
			compatibilityVersion = "Xcode 9.3";
			developmentRegion = en;
			hasScannedForEncodings = 0;
			knownRegions = (
				en,
				Base,
			);
			mainGroup = E27876B62517C2A80000841E;
			productRefGroup = E27876C02517C2A80000841E /* Products */;
			projectDirPath = "";
			projectRoot = "";
			targets = (
				E27876BE2517C2A80000841E /* TechtaGram */,
				E27876D42517C2AB0000841E /* TechtaGramTests */,
				E27876DF2517C2AB0000841E /* TechtaGramUITests */,
			);
		};
/* End PBXProject section */

/* Begin PBXResourcesBuildPhase section */
		E27876BD2517C2A80000841E /* Resources */ = {
			isa = PBXResourcesBuildPhase;
			buildActionMask = 2147483647;
			files = (
				E27876CF2517C2AA0000841E /* LaunchScreen.storyboard in Resources */,
				E27876CC2517C2AA0000841E /* Assets.xcassets in Resources */,
				E27876CA2517C2A80000841E /* Main.storyboard in Resources */,
			);
			runOnlyForDeploymentPostprocessing = 0;
		};
		E27876D32517C2AB0000841E /* Resources */ = {
			isa = PBXResourcesBuildPhase;
			buildActionMask = 2147483647;
			files = (
			);
			runOnlyForDeploymentPostprocessing = 0;
		};
		E27876DE2517C2AB0000841E /* Resources */ = {
			isa = PBXResourcesBuildPhase;
			buildActionMask = 2147483647;
			files = (
			);
			runOnlyForDeploymentPostprocessing = 0;
		};
/* End PBXResourcesBuildPhase section */

/* Begin PBXSourcesBuildPhase section */
		E27876BB2517C2A80000841E /* Sources */ = {
			isa = PBXSourcesBuildPhase;
			buildActionMask = 2147483647;
			files = (
				E27876C72517C2A80000841E /* ViewController.swift in Sources */,
				E27876C32517C2A80000841E /* AppDelegate.swift in Sources */,
				E27876C52517C2A80000841E /* SceneDelegate.swift in Sources */,
			);
			runOnlyForDeploymentPostprocessing = 0;
		};
		E27876D12517C2AB0000841E /* Sources */ = {
			isa = PBXSourcesBuildPhase;
			buildActionMask = 2147483647;
			files = (
				E27876DA2517C2AB0000841E /* TechtaGramTests.swift in Sources */,
			);
			runOnlyForDeploymentPostprocessing = 0;
		};
		E27876DC2517C2AB0000841E /* Sources */ = {
			isa = PBXSourcesBuildPhase;
			buildActionMask = 2147483647;
			files = (
				E27876E52517C2AB0000841E /* TechtaGramUITests.swift in Sources */,
			);
			runOnlyForDeploymentPostprocessing = 0;
		};
/* End PBXSourcesBuildPhase section */

/* Begin PBXTargetDependency section */
		E27876D72517C2AB0000841E /* PBXTargetDependency */ = {
			isa = PBXTargetDependency;
			target = E27876BE2517C2A80000841E /* TechtaGram */;
			targetProxy = E27876D62517C2AB0000841E /* PBXContainerItemProxy */;
		};
		E27876E22517C2AB0000841E /* PBXTargetDependency */ = {
			isa = PBXTargetDependency;
			target = E27876BE2517C2A80000841E /* TechtaGram */;
			targetProxy = E27876E12517C2AB0000841E /* PBXContainerItemProxy */;
		};
/* End PBXTargetDependency section */

/* Begin PBXVariantGroup section */
		E27876C82517C2A80000841E /* Main.storyboard */ = {
			isa = PBXVariantGroup;
			children = (
				E27876C92517C2A80000841E /* Base */,
			);
			name = Main.storyboard;
			sourceTree = "<group>";
		};
		E27876CD2517C2AA0000841E /* LaunchScreen.storyboard */ = {
			isa = PBXVariantGroup;
			children = (
				E27876CE2517C2AA0000841E /* Base */,
			);
			name = LaunchScreen.storyboard;
			sourceTree = "<group>";
		};
/* End PBXVariantGroup section */

/* Begin XCBuildConfiguration section */
		E27876E72517C2AB0000841E /* Debug */ = {
			isa = XCBuildConfiguration;
			buildSettings = {
				ALWAYS_SEARCH_USER_PATHS = NO;
				CLANG_ANALYZER_NONNULL = YES;
				CLANG_ANALYZER_NUMBER_OBJECT_CONVERSION = YES_AGGRESSIVE;
				CLANG_CXX_LANGUAGE_STANDARD = "gnu++14";
				CLANG_CXX_LIBRARY = "libc++";
				CLANG_ENABLE_MODULES = YES;
				CLANG_ENABLE_OBJC_ARC = YES;
				CLANG_ENABLE_OBJC_WEAK = YES;
				CLANG_WARN_BLOCK_CAPTURE_AUTORELEASING = YES;
				CLANG_WARN_BOOL_CONVERSION = YES;
				CLANG_WARN_COMMA = YES;
				CLANG_WARN_CONSTANT_CONVERSION = YES;
				CLANG_WARN_DEPRECATED_OBJC_IMPLEMENTATIONS = YES;
				CLANG_WARN_DIRECT_OBJC_ISA_USAGE = YES_ERROR;
				CLANG_WARN_DOCUMENTATION_COMMENTS = YES;
				CLANG_WARN_EMPTY_BODY = YES;
				CLANG_WARN_ENUM_CONVERSION = YES;
				CLANG_WARN_INFINITE_RECURSION = YES;
				CLANG_WARN_INT_CONVERSION = YES;
				CLANG_WARN_NON_LITERAL_NULL_CONVERSION = YES;
				CLANG_WARN_OBJC_IMPLICIT_RETAIN_SELF = YES;
				CLANG_WARN_OBJC_LITERAL_CONVERSION = YES;
				CLANG_WARN_OBJC_ROOT_CLASS = YES_ERROR;
				CLANG_WARN_RANGE_LOOP_ANALYSIS = YES;
				CLANG_WARN_STRICT_PROTOTYPES = YES;
				CLANG_WARN_SUSPICIOUS_MOVE = YES;
				CLANG_WARN_UNGUARDED_AVAILABILITY = YES_AGGRESSIVE;
				CLANG_WARN_UNREACHABLE_CODE = YES;
				CLANG_WARN__DUPLICATE_METHOD_MATCH = YES;
				COPY_PHASE_STRIP = NO;
				DEBUG_INFORMATION_FORMAT = dwarf;
				ENABLE_STRICT_OBJC_MSGSEND = YES;
				ENABLE_TESTABILITY = YES;
				GCC_C_LANGUAGE_STANDARD = gnu11;
				GCC_DYNAMIC_NO_PIC = NO;
				GCC_NO_COMMON_BLOCKS = YES;
				GCC_OPTIMIZATION_LEVEL = 0;
				GCC_PREPROCESSOR_DEFINITIONS = (
					"DEBUG=1",
					"$(inherited)",
				);
				GCC_WARN_64_TO_32_BIT_CONVERSION = YES;
				GCC_WARN_ABOUT_RETURN_TYPE = YES_ERROR;
				GCC_WARN_UNDECLARED_SELECTOR = YES;
				GCC_WARN_UNINITIALIZED_AUTOS = YES_AGGRESSIVE;
				GCC_WARN_UNUSED_FUNCTION = YES;
				GCC_WARN_UNUSED_VARIABLE = YES;
				IPHONEOS_DEPLOYMENT_TARGET = 13.7;
				MTL_ENABLE_DEBUG_INFO = INCLUDE_SOURCE;
				MTL_FAST_MATH = YES;
				ONLY_ACTIVE_ARCH = YES;
				SDKROOT = iphoneos;
				SWIFT_ACTIVE_COMPILATION_CONDITIONS = DEBUG;
				SWIFT_OPTIMIZATION_LEVEL = "-Onone";
			};
			name = Debug;
		};
		E27876E82517C2AB0000841E /* Release */ = {
			isa = XCBuildConfiguration;
			buildSettings = {
				ALWAYS_SEARCH_USER_PATHS = NO;
				CLANG_ANALYZER_NONNULL = YES;
				CLANG_ANALYZER_NUMBER_OBJECT_CONVERSION = YES_AGGRESSIVE;
				CLANG_CXX_LANGUAGE_STANDARD = "gnu++14";
				CLANG_CXX_LIBRARY = "libc++";
				CLANG_ENABLE_MODULES = YES;
				CLANG_ENABLE_OBJC_ARC = YES;
				CLANG_ENABLE_OBJC_WEAK = YES;
				CLANG_WARN_BLOCK_CAPTURE_AUTORELEASING = YES;
				CLANG_WARN_BOOL_CONVERSION = YES;
				CLANG_WARN_COMMA = YES;
				CLANG_WARN_CONSTANT_CONVERSION = YES;
				CLANG_WARN_DEPRECATED_OBJC_IMPLEMENTATIONS = YES;
				CLANG_WARN_DIRECT_OBJC_ISA_USAGE = YES_ERROR;
				CLANG_WARN_DOCUMENTATION_COMMENTS = YES;
				CLANG_WARN_EMPTY_BODY = YES;
				CLANG_WARN_ENUM_CONVERSION = YES;
				CLANG_WARN_INFINITE_RECURSION = YES;
				CLANG_WARN_INT_CONVERSION = YES;
				CLANG_WARN_NON_LITERAL_NULL_CONVERSION = YES;
				CLANG_WARN_OBJC_IMPLICIT_RETAIN_SELF = YES;
				CLANG_WARN_OBJC_LITERAL_CONVERSION = YES;
				CLANG_WARN_OBJC_ROOT_CLASS = YES_ERROR;
				CLANG_WARN_RANGE_LOOP_ANALYSIS = YES;
				CLANG_WARN_STRICT_PROTOTYPES = YES;
				CLANG_WARN_SUSPICIOUS_MOVE = YES;
				CLANG_WARN_UNGUARDED_AVAILABILITY = YES_AGGRESSIVE;
				CLANG_WARN_UNREACHABLE_CODE = YES;
				CLANG_WARN__DUPLICATE_METHOD_MATCH = YES;
				COPY_PHASE_STRIP = NO;
				DEBUG_INFORMATION_FORMAT = "dwarf-with-dsym";
				ENABLE_NS_ASSERTIONS = NO;
				ENABLE_STRICT_OBJC_MSGSEND = YES;
				GCC_C_LANGUAGE_STANDARD = gnu11;
				GCC_NO_COMMON_BLOCKS = YES;
				GCC_WARN_64_TO_32_BIT_CONVERSION = YES;
				GCC_WARN_ABOUT_RETURN_TYPE = YES_ERROR;
				GCC_WARN_UNDECLARED_SELECTOR = YES;
				GCC_WARN_UNINITIALIZED_AUTOS = YES_AGGRESSIVE;
				GCC_WARN_UNUSED_FUNCTION = YES;
				GCC_WARN_UNUSED_VARIABLE = YES;
				IPHONEOS_DEPLOYMENT_TARGET = 13.7;
				MTL_ENABLE_DEBUG_INFO = NO;
				MTL_FAST_MATH = YES;
				SDKROOT = iphoneos;
				SWIFT_COMPILATION_MODE = wholemodule;
				SWIFT_OPTIMIZATION_LEVEL = "-O";
				VALIDATE_PRODUCT = YES;
			};
			name = Release;
		};
		E27876EA2517C2AB0000841E /* Debug */ = {
			isa = XCBuildConfiguration;
			buildSettings = {
				ASSETCATALOG_COMPILER_APPICON_NAME = AppIcon;
				CODE_SIGN_STYLE = Automatic;
				INFOPLIST_FILE = TechtaGram/Info.plist;
				LD_RUNPATH_SEARCH_PATHS = (
					"$(inherited)",
					"@executable_path/Frameworks",
				);
				PRODUCT_BUNDLE_IDENTIFIER = anny.TechtaGram;
				PRODUCT_NAME = "$(TARGET_NAME)";
				SWIFT_VERSION = 5.0;
				TARGETED_DEVICE_FAMILY = "1,2";
			};
			name = Debug;
		};
		E27876EB2517C2AB0000841E /* Release */ = {
			isa = XCBuildConfiguration;
			buildSettings = {
				ASSETCATALOG_COMPILER_APPICON_NAME = AppIcon;
				CODE_SIGN_STYLE = Automatic;
				INFOPLIST_FILE = TechtaGram/Info.plist;
				LD_RUNPATH_SEARCH_PATHS = (
					"$(inherited)",
					"@executable_path/Frameworks",
				);
				PRODUCT_BUNDLE_IDENTIFIER = anny.TechtaGram;
				PRODUCT_NAME = "$(TARGET_NAME)";
				SWIFT_VERSION = 5.0;
				TARGETED_DEVICE_FAMILY = "1,2";
			};
			name = Release;
		};
		E27876ED2517C2AB0000841E /* Debug */ = {
			isa = XCBuildConfiguration;
			buildSettings = {
				ALWAYS_EMBED_SWIFT_STANDARD_LIBRARIES = YES;
				BUNDLE_LOADER = "$(TEST_HOST)";
				CODE_SIGN_STYLE = Automatic;
				INFOPLIST_FILE = TechtaGramTests/Info.plist;
				IPHONEOS_DEPLOYMENT_TARGET = 13.7;
				LD_RUNPATH_SEARCH_PATHS = (
					"$(inherited)",
					"@executable_path/Frameworks",
					"@loader_path/Frameworks",
				);
				PRODUCT_BUNDLE_IDENTIFIER = anny.TechtaGramTests;
				PRODUCT_NAME = "$(TARGET_NAME)";
				SWIFT_VERSION = 5.0;
				TARGETED_DEVICE_FAMILY = "1,2";
				TEST_HOST = "$(BUILT_PRODUCTS_DIR)/TechtaGram.app/TechtaGram";
			};
			name = Debug;
		};
		E27876EE2517C2AB0000841E /* Release */ = {
			isa = XCBuildConfiguration;
			buildSettings = {
				ALWAYS_EMBED_SWIFT_STANDARD_LIBRARIES = YES;
				BUNDLE_LOADER = "$(TEST_HOST)";
				CODE_SIGN_STYLE = Automatic;
				INFOPLIST_FILE = TechtaGramTests/Info.plist;
				IPHONEOS_DEPLOYMENT_TARGET = 13.7;
				LD_RUNPATH_SEARCH_PATHS = (
					"$(inherited)",
					"@executable_path/Frameworks",
					"@loader_path/Frameworks",
				);
				PRODUCT_BUNDLE_IDENTIFIER = anny.TechtaGramTests;
				PRODUCT_NAME = "$(TARGET_NAME)";
				SWIFT_VERSION = 5.0;
				TARGETED_DEVICE_FAMILY = "1,2";
				TEST_HOST = "$(BUILT_PRODUCTS_DIR)/TechtaGram.app/TechtaGram";
			};
			name = Release;
		};
		E27876F02517C2AB0000841E /* Debug */ = {
			isa = XCBuildConfiguration;
			buildSettings = {
				ALWAYS_EMBED_SWIFT_STANDARD_LIBRARIES = YES;
				CODE_SIGN_STYLE = Automatic;
				INFOPLIST_FILE = TechtaGramUITests/Info.plist;
				LD_RUNPATH_SEARCH_PATHS = (
					"$(inherited)",
					"@executable_path/Frameworks",
					"@loader_path/Frameworks",
				);
				PRODUCT_BUNDLE_IDENTIFIER = anny.TechtaGramUITests;
				PRODUCT_NAME = "$(TARGET_NAME)";
				SWIFT_VERSION = 5.0;
				TARGETED_DEVICE_FAMILY = "1,2";
				TEST_TARGET_NAME = TechtaGram;
			};
			name = Debug;
		};
		E27876F12517C2AB0000841E /* Release */ = {
			isa = XCBuildConfiguration;
			buildSettings = {
				ALWAYS_EMBED_SWIFT_STANDARD_LIBRARIES = YES;
				CODE_SIGN_STYLE = Automatic;
				INFOPLIST_FILE = TechtaGramUITests/Info.plist;
				LD_RUNPATH_SEARCH_PATHS = (
					"$(inherited)",
					"@executable_path/Frameworks",
					"@loader_path/Frameworks",
				);
				PRODUCT_BUNDLE_IDENTIFIER = anny.TechtaGramUITests;
				PRODUCT_NAME = "$(TARGET_NAME)";
				SWIFT_VERSION = 5.0;
				TARGETED_DEVICE_FAMILY = "1,2";
				TEST_TARGET_NAME = TechtaGram;
			};
			name = Release;
		};
/* End XCBuildConfiguration section */

/* Begin XCConfigurationList section */
		E27876BA2517C2A80000841E /* Build configuration list for PBXProject "TechtaGram" */ = {
			isa = XCConfigurationList;
			buildConfigurations = (
				E27876E72517C2AB0000841E /* Debug */,
				E27876E82517C2AB0000841E /* Release */,
			);
			defaultConfigurationIsVisible = 0;
			defaultConfigurationName = Release;
		};
		E27876E92517C2AB0000841E /* Build configuration list for PBXNativeTarget "TechtaGram" */ = {
			isa = XCConfigurationList;
			buildConfigurations = (
				E27876EA2517C2AB0000841E /* Debug */,
				E27876EB2517C2AB0000841E /* Release */,
			);
			defaultConfigurationIsVisible = 0;
			defaultConfigurationName = Release;
		};
		E27876EC2517C2AB0000841E /* Build configuration list for PBXNativeTarget "TechtaGramTests" */ = {
			isa = XCConfigurationList;
			buildConfigurations = (
				E27876ED2517C2AB0000841E /* Debug */,
				E27876EE2517C2AB0000841E /* Release */,
			);
			defaultConfigurationIsVisible = 0;
			defaultConfigurationName = Release;
		};
		E27876EF2517C2AB0000841E /* Build configuration list for PBXNativeTarget "TechtaGramUITests" */ = {
			isa = XCConfigurationList;
			buildConfigurations = (
				E27876F02517C2AB0000841E /* Debug */,
				E27876F12517C2AB0000841E /* Release */,
			);
			defaultConfigurationIsVisible = 0;
			defaultConfigurationName = Release;
		};
/* End XCConfigurationList section */
	};
	rootObject = E27876B72517C2A80000841E /* Project object */;
}
